
Microsoft Visual Studio Solution File, Format Version 12.00
# Visual Studio Version 16
VisualStudioVersion = 16.0.31727.386
MinimumVisualStudioVersion = 10.0.40219.1
Project("{FAE04EC0-301F-11D3-BF4B-00C04F79EFBC}") = "TestCaser", "TestCaser.csproj", "{39925FD9-1E45-4B8A-B989-EB5D07C975EE}"
EndProject
Global
	GlobalSection(SolutionConfigurationPlatforms) = preSolution
		Debug|Any CPU = Debug|Any CPU
		Release|Any CPU = Release|Any CPU
	EndGlobalSection
	GlobalSection(ProjectConfigurationPlatforms) = postSolution
		{39925FD9-1E45-4B8A-B989-EB5D07C975EE}.Debug|Any CPU.ActiveCfg = Debug|Any CPU
		{39925FD9-1E45-4B8A-B989-EB5D07C975EE}.Debug|Any CPU.Build.0 = Debug|Any CPU
		{39925FD9-1E45-4B8A-B989-EB5D07C975EE}.Release|Any CPU.ActiveCfg = Release|Any CPU
		{39925FD9-1E45-4B8A-B989-EB5D07C975EE}.Release|Any CPU.Build.0 = Release|Any CPU
	EndGlobalSection
	GlobalSection(SolutionProperties) = preSolution
		HideSolutionNode = FALSE
	EndGlobalSection
	GlobalSection(ExtensibilityGlobals) = postSolution
		SolutionGuid = {92247FF7-428A-4635-BAC5-C547A51B0D2D}
	EndGlobalSection
EndGlobal
